{
  "nodes": {
    "nixpkgs": {
      "locked": {
        "lastModified": 1721322227,
        "narHash": "sha256-OLCPEFVcb7x9xLPDDRd0TDMVmVhdTnhX27WGFNDrcuk=",
        "owner": "nixos",
        "repo": "nixpkgs",
        "rev": "2a57b049d44d14b3cba98746e8b66ac0bc4c2963",
        "type": "github"
      },
      "original": {
        "owner": "nixos",
        "ref": "release-24.05",
        "repo": "nixpkgs",
        "type": "github"
      }
    },
    "root": {
      "inputs": {
        "nixpkgs": "nixpkgs"
      }
    }
  },
  "root": "root",
  "version": 7
}
